<?xml version="1.0" encoding="utf-8"?>
<Project ToolsVersion="4.0" xmlns="http://schemas.microsoft.com/developer/msbuild/2003">
  <ItemGroup>
    <Filter Include="Source Files">
      <UniqueIdentifier>{4FC737F1-C7A5-4376-A066-2A32D752A2FF}</UniqueIdentifier>
      <Extensions>cpp;c;cc;cxx;def;odl;idl;hpj;bat;asm;asmx</Extensions>
    </Filter>
    <Filter Include="Header Files">
      <UniqueIdentifier>{93995380-89BD-4b04-88EB-625FBE52EBFB}</UniqueIdentifier>
      <Extensions>h;hh;hpp;hxx;hm;inl;inc;xsd</Extensions>
    </Filter>
    <Filter Include="Resource Files">
      <UniqueIdentifier>{67DA6AB6-F800-4c08-8B7A-83BB121AAD01}</UniqueIdentifier>
      <Extensions>rc;ico;cur;bmp;dlg;rc2;rct;bin;rgs;gif;jpg;jpeg;jpe;resx;tiff;tif;png;wav</Extensions>
    </Filter>
  </ItemGroup>
  <ItemGroup>
    <ClCompile Include="test_v2.cpp">
      <Filter>Source Files</Filter>
    </ClCompile>
    <ClCompile Include="matrixes\BLOSUM62.cpp">
      <Filter>Source Files</Filter>
    </ClCompile>
    <ClCompile Include="src\NeedlemanWunsch.cpp">
      <Filter>Source Files</Filter>
    </ClCompile>
  </ItemGroup>
  <ItemGroup>
    <ClInclude Include="matrixes\BLOSUM62.h">
      <Filter>Header Files</Filter>
    </ClInclude>
    <ClInclude Include="matrixes\PAM.h">
      <Filter>Header Files</Filter>
    </ClInclude>
    <ClInclude Include="matrixes\Scoring_Matrix.h">
      <Filter>Header Files</Filter>
    </ClInclude>
    <ClInclude Include="src\Alignment.h">
      <Filter>Header Files</Filter>
    </ClInclude>
    <ClInclude Include="src\AlignmentResult.h">
      <Filter>Header Files</Filter>
    </ClInclude>
    <ClInclude Include="src\NeedlemanWunsch.h">
      <Filter>Header Files</Filter>
    </ClInclude>
    <ClInclude Include="src\SmithWaterman.h">
      <Filter>Header Files</Filter>
    </ClInclude>
  </ItemGroup>
  <ItemGroup>
    <None Include=".vscode\ipch\15c663e9f5c426a2\mmap_address.bin">
      <Filter>Resource Files</Filter>
    </None>
    <None Include=".vscode\ipch\27a58aff5ac80022\mmap_address.bin">
      <Filter>Resource Files</Filter>
    </None>
    <None Include=".vscode\ipch\5484befd14035de6\mmap_address.bin">
      <Filter>Resource Files</Filter>
    </None>
    <None Include=".vscode\ipch\9e2784cbbca1f234\mmap_address.bin">
      <Filter>Resource Files</Filter>
    </None>
    <None Include=".vscode\ipch\d447138b6b3c08d\mmap_address.bin">
      <Filter>Resource Files</Filter>
    </None>
    <None Include=".vscode\ipch\d682e50a5f7fc11f\mmap_address.bin">
      <Filter>Resource Files</Filter>
    </None>
    <None Include=".vscode\ipch\f57cd4ad3fb7d59c\mmap_address.bin">
      <Filter>Resource Files</Filter>
    </None>
    <None Include=".vscode\ipch\f60ccd5a3d99e1c3\mmap_address.bin">
      <Filter>Resource Files</Filter>
    </None>
  </ItemGroup>
</Project>